// !$*UTF8*$!
{
	archiveVersion = 1;
	classes = {
	};
	objectVersion = 52;
	objects = {

/* Begin PBXBuildFile section */
		AD16466A26BC2A4200E420B0 /* AppDelegate.swift in Sources */ = {isa = PBXBuildFile; fileRef = AD16466926BC2A4200E420B0 /* AppDelegate.swift */; };
		AD16466C26BC2A4200E420B0 /* SceneDelegate.swift in Sources */ = {isa = PBXBuildFile; fileRef = AD16466B26BC2A4200E420B0 /* SceneDelegate.swift */; };
		AD16466E26BC2A4200E420B0 /* ViewController.swift in Sources */ = {isa = PBXBuildFile; fileRef = AD16466D26BC2A4200E420B0 /* ViewController.swift */; };
		AD16467126BC2A4200E420B0 /* Main.storyboard in Resources */ = {isa = PBXBuildFile; fileRef = AD16466F26BC2A4200E420B0 /* Main.storyboard */; };
		AD16467326BC2A4700E420B0 /* Assets.xcassets in Resources */ = {isa = PBXBuildFile; fileRef = AD16467226BC2A4700E420B0 /* Assets.xcassets */; };
		AD16467626BC2A4700E420B0 /* LaunchScreen.storyboard in Resources */ = {isa = PBXBuildFile; fileRef = AD16467426BC2A4700E420B0 /* LaunchScreen.storyboard */; };
		AD16468226BC2CB000E420B0 /* LoggerPackage in Frameworks */ = {isa = PBXBuildFile; productRef = AD16468126BC2CB000E420B0 /* LoggerPackage */; };
		AD62206226C05828004A085E /* LoggerPackageLocal.swift in Sources */ = {isa = PBXBuildFile; fileRef = AD62206126C05828004A085E /* LoggerPackageLocal.swift */; };
/* End PBXBuildFile section */

/* Begin PBXFileReference section */
		AD16466626BC2A4200E420B0 /* LoggerTest.app */ = {isa = PBXFileReference; explicitFileType = wrapper.application; includeInIndex = 0; path = LoggerTest.app; sourceTree = BUILT_PRODUCTS_DIR; };
		AD16466926BC2A4200E420B0 /* AppDelegate.swift */ = {isa = PBXFileReference; lastKnownFileType = sourcecode.swift; path = AppDelegate.swift; sourceTree = "<group>"; };
		AD16466B26BC2A4200E420B0 /* SceneDelegate.swift */ = {isa = PBXFileReference; lastKnownFileType = sourcecode.swift; path = SceneDelegate.swift; sourceTree = "<group>"; };
		AD16466D26BC2A4200E420B0 /* ViewController.swift */ = {isa = PBXFileReference; lastKnownFileType = sourcecode.swift; path = ViewController.swift; sourceTree = "<group>"; };
		AD16467026BC2A4200E420B0 /* Base */ = {isa = PBXFileReference; lastKnownFileType = file.storyboard; name = Base; path = Base.lproj/Main.storyboard; sourceTree = "<group>"; };
		AD16467226BC2A4700E420B0 /* Assets.xcassets */ = {isa = PBXFileReference; lastKnownFileType = folder.assetcatalog; path = Assets.xcassets; sourceTree = "<group>"; };
		AD16467526BC2A4700E420B0 /* Base */ = {isa = PBXFileReference; lastKnownFileType = file.storyboard; name = Base; path = Base.lproj/LaunchScreen.storyboard; sourceTree = "<group>"; };
		AD16467726BC2A4700E420B0 /* Info.plist */ = {isa = PBXFileReference; lastKnownFileType = text.plist.xml; path = Info.plist; sourceTree = "<group>"; };
		AD62206126C05828004A085E /* LoggerPackageLocal.swift */ = {isa = PBXFileReference; lastKnownFileType = sourcecode.swift; path = LoggerPackageLocal.swift; sourceTree = "<group>"; };
/* End PBXFileReference section */

/* Begin PBXFrameworksBuildPhase section */
		AD16466326BC2A4200E420B0 /* Frameworks */ = {
			isa = PBXFrameworksBuildPhase;
			buildActionMask = 2147483647;
			files = (
				AD16468226BC2CB000E420B0 /* LoggerPackage in Frameworks */,
			);
			runOnlyForDeploymentPostprocessing = 0;
		};
/* End PBXFrameworksBuildPhase section */

/* Begin PBXGroup section */
		AD16465D26BC2A4200E420B0 = {
			isa = PBXGroup;
			children = (
				AD16466826BC2A4200E420B0 /* LoggerTest */,
				AD16466726BC2A4200E420B0 /* Products */,
			);
			sourceTree = "<group>";
		};
		AD16466726BC2A4200E420B0 /* Products */ = {
			isa = PBXGroup;
			children = (
				AD16466626BC2A4200E420B0 /* LoggerTest.app */,
			);
			name = Products;
			sourceTree = "<group>";
		};
		AD16466826BC2A4200E420B0 /* LoggerTest */ = {
			isa = PBXGroup;
			children = (
				AD16466926BC2A4200E420B0 /* AppDelegate.swift */,
				AD16466B26BC2A4200E420B0 /* SceneDelegate.swift */,
				AD16466D26BC2A4200E420B0 /* ViewController.swift */,
				AD16466F26BC2A4200E420B0 /* Main.storyboard */,
				AD16467226BC2A4700E420B0 /* Assets.xcassets */,
				AD16467426BC2A4700E420B0 /* LaunchScreen.storyboard */,
				AD16467726BC2A4700E420B0 /* Info.plist */,
				AD62206126C05828004A085E /* LoggerPackageLocal.swift */,
			);
			path = LoggerTest;
			sourceTree = "<group>";
		};
/* End PBXGroup section */

/* Begin PBXNativeTarget section */
		AD16466526BC2A4200E420B0 /* LoggerTest */ = {
			isa = PBXNativeTarget;
			buildConfigurationList = AD16467A26BC2A4700E420B0 /* Build configuration list for PBXNativeTarget "LoggerTest" */;
			buildPhases = (
				AD16466226BC2A4200E420B0 /* Sources */,
				AD16466326BC2A4200E420B0 /* Frameworks */,
				AD16466426BC2A4200E420B0 /* Resources */,
			);
			buildRules = (
			);
			dependencies = (
			);
			name = LoggerTest;
			packageProductDependencies = (
				AD16468126BC2CB000E420B0 /* LoggerPackage */,
			);
			productName = LoggerTest;
			productReference = AD16466626BC2A4200E420B0 /* LoggerTest.app */;
			productType = "com.apple.product-type.application";
		};
/* End PBXNativeTarget section */

/* Begin PBXProject section */
		AD16465E26BC2A4200E420B0 /* Project object */ = {
			isa = PBXProject;
			attributes = {
				LastSwiftUpdateCheck = 1250;
				LastUpgradeCheck = 1250;
				TargetAttributes = {
					AD16466526BC2A4200E420B0 = {
						CreatedOnToolsVersion = 12.5;
					};
				};
			};
			buildConfigurationList = AD16466126BC2A4200E420B0 /* Build configuration list for PBXProject "LoggerTest" */;
			compatibilityVersion = "Xcode 9.3";
			developmentRegion = en;
			hasScannedForEncodings = 0;
			knownRegions = (
				en,
				Base,
			);
			mainGroup = AD16465D26BC2A4200E420B0;
			packageReferences = (
				AD16468026BC2CB000E420B0 /* XCRemoteSwiftPackageReference "LoggerPackage" */,
			);
			productRefGroup = AD16466726BC2A4200E420B0 /* Products */;
			projectDirPath = "";
			projectRoot = "";
			targets = (
				AD16466526BC2A4200E420B0 /* LoggerTest */,
			);
		};
/* End PBXProject section */

/* Begin PBXResourcesBuildPhase section */
		AD16466426BC2A4200E420B0 /* Resources */ = {
			isa = PBXResourcesBuildPhase;
			buildActionMask = 2147483647;
			files = (
				AD16467626BC2A4700E420B0 /* LaunchScreen.storyboard in Resources */,
				AD16467326BC2A4700E420B0 /* Assets.xcassets in Resources */,
				AD16467126BC2A4200E420B0 /* Main.storyboard in Resources */,
			);
			runOnlyForDeploymentPostprocessing = 0;
		};
/* End PBXResourcesBuildPhase section */

/* Begin PBXSourcesBuildPhase section */
		AD16466226BC2A4200E420B0 /* Sources */ = {
			isa = PBXSourcesBuildPhase;
			buildActionMask = 2147483647;
			files = (
				AD16466E26BC2A4200E420B0 /* ViewController.swift in Sources */,
				AD16466A26BC2A4200E420B0 /* AppDelegate.swift in Sources */,
				AD62206226C05828004A085E /* LoggerPackageLocal.swift in Sources */,
				AD16466C26BC2A4200E420B0 /* SceneDelegate.swift in Sources */,
			);
			runOnlyForDeploymentPostprocessing = 0;
		};
/* End PBXSourcesBuildPhase section */

/* Begin PBXVariantGroup section */
		AD16466F26BC2A4200E420B0 /* Main.storyboard */ = {
			isa = PBXVariantGroup;
			children = (
				AD16467026BC2A4200E420B0 /* Base */,
			);
			name = Main.storyboard;
			sourceTree = "<group>";
		};
		AD16467426BC2A4700E420B0 /* LaunchScreen.storyboard */ = {
			isa = PBXVariantGroup;
			children = (
				AD16467526BC2A4700E420B0 /* Base */,
			);
			name = LaunchScreen.storyboard;
			sourceTree = "<group>";
		};
/* End PBXVariantGroup section */

/* Begin XCBuildConfiguration section */
		AD16467826BC2A4700E420B0 /* Debug */ = {
			isa = XCBuildConfiguration;
			buildSettings = {
				ALWAYS_SEARCH_USER_PATHS = NO;
				CLANG_ANALYZER_NONNULL = YES;
				CLANG_ANALYZER_NUMBER_OBJECT_CONVERSION = YES_AGGRESSIVE;
				CLANG_CXX_LANGUAGE_STANDARD = "gnu++14";
				CLANG_CXX_LIBRARY = "libc++";
				CLANG_ENABLE_MODULES = YES;
				CLANG_ENABLE_OBJC_ARC = YES;
				CLANG_ENABLE_OBJC_WEAK = YES;
				CLANG_WARN_BLOCK_CAPTURE_AUTORELEASING = YES;
				CLANG_WARN_BOOL_CONVERSION = YES;
				CLANG_WARN_COMMA = YES;
				CLANG_WARN_CONSTANT_CONVERSION = YES;
				CLANG_WARN_DEPRECATED_OBJC_IMPLEMENTATIONS = YES;
				CLANG_WARN_DIRECT_OBJC_ISA_USAGE = YES_ERROR;
				CLANG_WARN_DOCUMENTATION_COMMENTS = YES;
				CLANG_WARN_EMPTY_BODY = YES;
				CLANG_WARN_ENUM_CONVERSION = YES;
				CLANG_WARN_INFINITE_RECURSION = YES;
				CLANG_WARN_INT_CONVERSION = YES;
				CLANG_WARN_NON_LITERAL_NULL_CONVERSION = YES;
				CLANG_WARN_OBJC_IMPLICIT_RETAIN_SELF = YES;
				CLANG_WARN_OBJC_LITERAL_CONVERSION = YES;
				CLANG_WARN_OBJC_ROOT_CLASS = YES_ERROR;
				CLANG_WARN_QUOTED_INCLUDE_IN_FRAMEWORK_HEADER = YES;
				CLANG_WARN_RANGE_LOOP_ANALYSIS = YES;
				CLANG_WARN_STRICT_PROTOTYPES = YES;
				CLANG_WARN_SUSPICIOUS_MOVE = YES;
				CLANG_WARN_UNGUARDED_AVAILABILITY = YES_AGGRESSIVE;
				CLANG_WARN_UNREACHABLE_CODE = YES;
				CLANG_WARN__DUPLICATE_METHOD_MATCH = YES;
				COPY_PHASE_STRIP = NO;
				DEBUG_INFORMATION_FORMAT = dwarf;
				ENABLE_STRICT_OBJC_MSGSEND = YES;
				ENABLE_TESTABILITY = YES;
				GCC_C_LANGUAGE_STANDARD = gnu11;
				GCC_DYNAMIC_NO_PIC = NO;
				GCC_NO_COMMON_BLOCKS = YES;
				GCC_OPTIMIZATION_LEVEL = 0;
				GCC_PREPROCESSOR_DEFINITIONS = (
					"DEBUG=1",
					"$(inherited)",
				);
				GCC_WARN_64_TO_32_BIT_CONVERSION = YES;
				GCC_WARN_ABOUT_RETURN_TYPE = YES_ERROR;
				GCC_WARN_UNDECLARED_SELECTOR = YES;
				GCC_WARN_UNINITIALIZED_AUTOS = YES_AGGRESSIVE;
				GCC_WARN_UNUSED_FUNCTION = YES;
				GCC_WARN_UNUSED_VARIABLE = YES;
				IPHONEOS_DEPLOYMENT_TARGET = 14.5;
				MTL_ENABLE_DEBUG_INFO = INCLUDE_SOURCE;
				MTL_FAST_MATH = YES;
				ONLY_ACTIVE_ARCH = YES;
				SDKROOT = iphoneos;
				SWIFT_ACTIVE_COMPILATION_CONDITIONS = DEBUG;
				SWIFT_OPTIMIZATION_LEVEL = "-Onone";
			};
			name = Debug;
		};
		AD16467926BC2A4700E420B0 /* Release */ = {
			isa = XCBuildConfiguration;
			buildSettings = {
				ALWAYS_SEARCH_USER_PATHS = NO;
				CLANG_ANALYZER_NONNULL = YES;
				CLANG_ANALYZER_NUMBER_OBJECT_CONVERSION = YES_AGGRESSIVE;
				CLANG_CXX_LANGUAGE_STANDARD = "gnu++14";
				CLANG_CXX_LIBRARY = "libc++";
				CLANG_ENABLE_MODULES = YES;
				CLANG_ENABLE_OBJC_ARC = YES;
				CLANG_ENABLE_OBJC_WEAK = YES;
				CLANG_WARN_BLOCK_CAPTURE_AUTORELEASING = YES;
				CLANG_WARN_BOOL_CONVERSION = YES;
				CLANG_WARN_COMMA = YES;
				CLANG_WARN_CONSTANT_CONVERSION = YES;
				CLANG_WARN_DEPRECATED_OBJC_IMPLEMENTATIONS = YES;
				CLANG_WARN_DIRECT_OBJC_ISA_USAGE = YES_ERROR;
				CLANG_WARN_DOCUMENTATION_COMMENTS = YES;
				CLANG_WARN_EMPTY_BODY = YES;
				CLANG_WARN_ENUM_CONVERSION = YES;
				CLANG_WARN_INFINITE_RECURSION = YES;
				CLANG_WARN_INT_CONVERSION = YES;
				CLANG_WARN_NON_LITERAL_NULL_CONVERSION = YES;
				CLANG_WARN_OBJC_IMPLICIT_RETAIN_SELF = YES;
				CLANG_WARN_OBJC_LITERAL_CONVERSION = YES;
				CLANG_WARN_OBJC_ROOT_CLASS = YES_ERROR;
				CLANG_WARN_QUOTED_INCLUDE_IN_FRAMEWORK_HEADER = YES;
				CLANG_WARN_RANGE_LOOP_ANALYSIS = YES;
				CLANG_WARN_STRICT_PROTOTYPES = YES;
				CLANG_WARN_SUSPICIOUS_MOVE = YES;
				CLANG_WARN_UNGUARDED_AVAILABILITY = YES_AGGRESSIVE;
				CLANG_WARN_UNREACHABLE_CODE = YES;
				CLANG_WARN__DUPLICATE_METHOD_MATCH = YES;
				COPY_PHASE_STRIP = NO;
				DEBUG_INFORMATION_FORMAT = "dwarf-with-dsym";
				ENABLE_NS_ASSERTIONS = NO;
				ENABLE_STRICT_OBJC_MSGSEND = YES;
				GCC_C_LANGUAGE_STANDARD = gnu11;
				GCC_NO_COMMON_BLOCKS = YES;
				GCC_WARN_64_TO_32_BIT_CONVERSION = YES;
				GCC_WARN_ABOUT_RETURN_TYPE = YES_ERROR;
				GCC_WARN_UNDECLARED_SELECTOR = YES;
				GCC_WARN_UNINITIALIZED_AUTOS = YES_AGGRESSIVE;
				GCC_WARN_UNUSED_FUNCTION = YES;
				GCC_WARN_UNUSED_VARIABLE = YES;
				IPHONEOS_DEPLOYMENT_TARGET = 14.5;
				MTL_ENABLE_DEBUG_INFO = NO;
				MTL_FAST_MATH = YES;
				SDKROOT = iphoneos;
				SWIFT_COMPILATION_MODE = wholemodule;
				SWIFT_OPTIMIZATION_LEVEL = "-O";
				VALIDATE_PRODUCT = YES;
			};
			name = Release;
		};
		AD16467B26BC2A4700E420B0 /* Debug */ = {
			isa = XCBuildConfiguration;
			buildSettings = {
				ASSETCATALOG_COMPILER_APPICON_NAME = AppIcon;
				ASSETCATALOG_COMPILER_GLOBAL_ACCENT_COLOR_NAME = AccentColor;
				CODE_SIGN_STYLE = Automatic;
				DEVELOPMENT_TEAM = C46KC9Y2PT;
				INFOPLIST_FILE = LoggerTest/Info.plist;
				LD_RUNPATH_SEARCH_PATHS = (
					"$(inherited)",
					"@executable_path/Frameworks",
				);
				PRODUCT_BUNDLE_IDENTIFIER = com.uladzislaustankevich.LoggerTest;
				PRODUCT_NAME = "$(TARGET_NAME)";
				SWIFT_VERSION = 5.0;
				TARGETED_DEVICE_FAMILY = "1,2";
			};
			name = Debug;
		};
		AD16467C26BC2A4700E420B0 /* Release */ = {
			isa = XCBuildConfiguration;
			buildSettings = {
				ASSETCATALOG_COMPILER_APPICON_NAME = AppIcon;
				ASSETCATALOG_COMPILER_GLOBAL_ACCENT_COLOR_NAME = AccentColor;
				CODE_SIGN_STYLE = Automatic;
				DEVELOPMENT_TEAM = C46KC9Y2PT;
				INFOPLIST_FILE = LoggerTest/Info.plist;
				LD_RUNPATH_SEARCH_PATHS = (
					"$(inherited)",
					"@executable_path/Frameworks",
				);
				PRODUCT_BUNDLE_IDENTIFIER = com.uladzislaustankevich.LoggerTest;
				PRODUCT_NAME = "$(TARGET_NAME)";
				SWIFT_VERSION = 5.0;
				TARGETED_DEVICE_FAMILY = "1,2";
			};
			name = Release;
		};
/* End XCBuildConfiguration section */

/* Begin XCConfigurationList section */
		AD16466126BC2A4200E420B0 /* Build configuration list for PBXProject "LoggerTest" */ = {
			isa = XCConfigurationList;
			buildConfigurations = (
				AD16467826BC2A4700E420B0 /* Debug */,
				AD16467926BC2A4700E420B0 /* Release */,
			);
			defaultConfigurationIsVisible = 0;
			defaultConfigurationName = Release;
		};
		AD16467A26BC2A4700E420B0 /* Build configuration list for PBXNativeTarget "LoggerTest" */ = {
			isa = XCConfigurationList;
			buildConfigurations = (
				AD16467B26BC2A4700E420B0 /* Debug */,
				AD16467C26BC2A4700E420B0 /* Release */,
			);
			defaultConfigurationIsVisible = 0;
			defaultConfigurationName = Release;
		};
/* End XCConfigurationList section */

/* Begin XCRemoteSwiftPackageReference section */
		AD16468026BC2CB000E420B0 /* XCRemoteSwiftPackageReference "LoggerPackage" */ = {
			isa = XCRemoteSwiftPackageReference;
			repositoryURL = "https://github.com/vlast01/LoggerPackage";
			requirement = {
				branch = main;
				kind = branch;
			};
		};
/* End XCRemoteSwiftPackageReference section */

/* Begin XCSwiftPackageProductDependency section */
		AD16468126BC2CB000E420B0 /* LoggerPackage */ = {
			isa = XCSwiftPackageProductDependency;
			package = AD16468026BC2CB000E420B0 /* XCRemoteSwiftPackageReference "LoggerPackage" */;
			productName = LoggerPackage;
		};
/* End XCSwiftPackageProductDependency section */
	};
	rootObject = AD16465E26BC2A4200E420B0 /* Project object */;
}
